
Microsoft Visual Studio Solution File, Format Version 12.00
# Visual Studio Version 16
VisualStudioVersion = 16.0.31424.327
MinimumVisualStudioVersion = 10.0.40219.1
Project("{888888A0-9F3D-457C-B088-3A5042F75D52}") = "app_py1", "app_py1.pyproj", "{FB629344-C8BA-497E-AE96-5777CEA24E1A}"
EndProject
Global
	GlobalSection(SolutionConfigurationPlatforms) = preSolution
		Debug|Any CPU = Debug|Any CPU
		Release|Any CPU = Release|Any CPU
	EndGlobalSection
	GlobalSection(ProjectConfigurationPlatforms) = postSolution
		{FB629344-C8BA-497E-AE96-5777CEA24E1A}.Debug|Any CPU.ActiveCfg = Debug|Any CPU
		{FB629344-C8BA-497E-AE96-5777CEA24E1A}.Release|Any CPU.ActiveCfg = Release|Any CPU
	EndGlobalSection
	GlobalSection(SolutionProperties) = preSolution
		HideSolutionNode = FALSE
	EndGlobalSection
	GlobalSection(ExtensibilityGlobals) = postSolution
		SolutionGuid = {CEA15BCD-442D-4E4F-98FF-33EAB3450C22}
	EndGlobalSection
EndGlobal
